{
  "name": "openseadragon-konva",
  "version": "1.0.0",
  "lockfileVersion": 3,
  "requires": true,
  "packages": {
    "": {
      "name": "openseadragon-konva",
      "version": "1.0.0",
      "license": "ISC",
      "devDependencies": {
        "@types/node": "^24.5.2",
        "@types/openseadragon": "^4.1.0",
        "konva": "^10.0.2",
        "openseadragon": "^5.0.1",
        "typescript": "^5.9.2"
      }
    },
    "node_modules/@types/node": {
      "version": "24.5.2",
      "resolved": "https://registry.npmjs.org/@types/node/-/node-24.5.2.tgz",
      "integrity": "sha512-FYxk1I7wPv3K2XBaoyH2cTnocQEu8AOZ60hPbsyukMPLv5/5qr7V1i8PLHdl6Zf87I+xZXFvPCXYjiTFq+YSDQ==",
      "dev": true,
      "license": "MIT",
      "dependencies": {
        "undici-types": "~7.12.0"
      }
    },
    "node_modules/@types/openseadragon": {
      "version": "4.1.0",
      "resolved": "https://registry.npmjs.org/@types/openseadragon/-/openseadragon-4.1.0.tgz",
      "integrity": "sha512-GLWtnT2QY0+VfoqP8Y2U7aOUoCH6ncFnZ7QbqohFLBKkujCvk3UamlJZlvlKajm2VstlxgeC7yfB9vY6M5n9PA==",
      "dev": true,
      "license": "MIT"
    },
    "node_modules/konva": {
      "version": "10.0.2",
      "resolved": "https://registry.npmjs.org/konva/-/konva-10.0.2.tgz",
      "integrity": "sha512-NrZED6YG5BX5h3Xu8EZgLqhQ/+ZhxANYXmlIhMOfpBf+0ToExcdwE+Y46LyJOO/JR7FVeR3YTqon3eirnuo44A==",
      "dev": true,
      "funding": [
        {
          "type": "patreon",
          "url": "https://www.patreon.com/lavrton"
        },
        {
          "type": "opencollective",
          "url": "https://opencollective.com/konva"
        },
        {
          "type": "github",
          "url": "https://github.com/sponsors/lavrton"
        }
      ],
      "license": "MIT"
    },
    "node_modules/openseadragon": {
      "version": "5.0.1",
      "resolved": "https://registry.npmjs.org/openseadragon/-/openseadragon-5.0.1.tgz",
      "integrity": "sha512-a/hjouW9i3UfWxRADVYN2MyRhXMGnE7x9VVL7/4jXCcDLFyO4UM5o4RStYtqa5BfaHw/wMNAaD2WbxQF8f1pJg==",
      "dev": true,
      "license": "BSD-3-Clause",
      "funding": {
        "url": "https://opencollective.com/openseadragon"
      }
    },
    "node_modules/typescript": {
      "version": "5.9.2",
      "resolved": "https://registry.npmjs.org/typescript/-/typescript-5.9.2.tgz",
      "integrity": "sha512-CWBzXQrc/qOkhidw1OzBTQuYRbfyxDXJMVJ1XNwUHGROVmuaeiEm3OslpZ1RV96d7SKKjZKrSJu3+t/xlw3R9A==",
      "dev": true,
      "license": "Apache-2.0",
      "bin": {
        "tsc": "bin/tsc",
        "tsserver": "bin/tsserver"
      },
      "engines": {
        "node": ">=14.17"
      }
    },
    "node_modules/undici-types": {
      "version": "7.12.0",
      "resolved": "https://registry.npmjs.org/undici-types/-/undici-types-7.12.0.tgz",
      "integrity": "sha512-goOacqME2GYyOZZfb5Lgtu+1IDmAlAEu5xnD3+xTzS10hT0vzpf0SPjkXwAw9Jm+4n/mQGDP3LO8CPbYROeBfQ==",
      "dev": true,
      "license": "MIT"
    }
  }
}
